<Solution>
  <Folder Name="/collection/hub/">
    <Project Path="collection/hub/Heartbeat.Collection.Hub.Tests/Heartbeat.Collection.Hub.Tests.csproj" />
    <Project Path="collection/hub/Heartbeat.Collection.Hub/Heartbeat.Collection.Hub.csproj" />
  </Folder>
  <Folder Name="/collection/desktop/">
    <Project Path="collection/desktop/Heartbeat.Collector.System.Tests/Heartbeat.Collector.System.Tests.csproj" />
    <Project Path="collection/desktop/Heartbeat.Collector.System/Heartbeat.Collector.System.csproj" />
    <Project Path="collection/desktop/Heartbeat.Desktop.Mac.Tests/Heartbeat.Desktop.Mac.Tests.csproj" />
    <Project Path="collection/desktop/Heartbeat.Desktop.Mac/Heartbeat.Desktop.Mac.csproj" />
    <Project Path="collection/desktop/Heartbeat.Desktop.UI.Tests/Heartbeat.Desktop.UI.Tests.csproj" />
    <Project Path="collection/desktop/Heartbeat.Desktop.UI/Heartbeat.Desktop.UI.csproj" />
    <Project Path="collection/desktop/Heartbeat.Desktop.Updater.Velopack.Tests/Heartbeat.Desktop.Updater.Velopack.Tests.csproj" />
    <Project Path="collection/desktop/Heartbeat.Desktop.Updater.Velopack/Heartbeat.Desktop.Updater.Velopack.csproj" />
    <Project Path="collection/desktop/Heartbeat.Desktop.Windows.Tests/Heartbeat.Desktop.Windows.Tests.csproj" />
    <Project Path="collection/desktop/Heartbeat.Desktop.Windows/Heartbeat.Desktop.Windows.csproj" />
  </Folder>
  <Folder Name="/collection/collectors/">
    <Project Path="collection/collectors/Heartbeat.Collector.VRChat/Heartbeat.Collector.VRChat.csproj" />
  </Folder>
  <Folder Name="/server/">
    <Project Path="server/Heartbeat.Server.Tests/Heartbeat.Server.Tests.csproj" />
    <Project Path="server/Heartbeat.Server/Heartbeat.Server.csproj" />
  </Folder>
  <Folder Name="/shared/">
    <Project Path="shared/Heartbeat.Core/Heartbeat.Core.csproj" />
    <Project Path="shared/Heartbeat.Core.Tests/Heartbeat.Core.Tests.csproj" />
  </Folder>
</Solution>
