<Solution>
  <Folder Name="/desktop/">
    <Project Path="desktop/Heartbeat.Agent/Heartbeat.Agent.csproj" />
    <Project Path="desktop/Heartbeat.Client/Heartbeat.Client.csproj" />
    <Project Path="desktop/Heartbeat.WPF/Heartbeat.WPF.csproj" />
  </Folder>
  <Folder Name="/server/">
    <Project Path="server/Heartbeat.Server/Heartbeat.Server.csproj" />
  </Folder>
  <Folder Name="/shared/">
    <Project Path="shared/Heartbeat.Core/Heartbeat.Core.csproj" />
  </Folder>
</Solution>
