{
  "name": "heartbeat-quality-tools",
  "lockfileVersion": 3,
  "requires": true,
  "packages": {
    "": {
      "name": "heartbeat-quality-tools",
      "devDependencies": {
        "jscpd": "5.2.0"
      }
    },
    "node_modules/jscpd": {
      "version": "5.2.0",
      "resolved": "https://registry.npmjs.org/jscpd/-/jscpd-5.2.0.tgz",
      "integrity": "sha512-6f4qhJGIeR/ZvAkZByfpPw5H28SNEE4fgJ4GXxVuLMiEg7xWrAlUdm0crIJPY6dmykvgdM83ZRrWJXg11fQlYg==",
      "dev": true,
      "license": "MIT",
      "bin": {
        "jscpd": "run-jscpd.js"
      },
      "engines": {
        "node": ">=18"
      },
      "funding": {
        "url": "https://opencollective.com/jscpd"
      },
      "optionalDependencies": {
        "jscpd-darwin-arm64": "5.2.0",
        "jscpd-darwin-x64": "5.2.0",
        "jscpd-linux-arm64-gnu": "5.2.0",
        "jscpd-linux-arm64-musl": "5.2.0",
        "jscpd-linux-x64-gnu": "5.2.0",
        "jscpd-linux-x64-musl": "5.2.0",
        "jscpd-windows-arm64-msvc": "5.2.0",
        "jscpd-windows-x64-msvc": "5.2.0"
      }
    },
    "node_modules/jscpd-darwin-arm64": {
      "version": "5.2.0",
      "resolved": "https://registry.npmjs.org/jscpd-darwin-arm64/-/jscpd-darwin-arm64-5.2.0.tgz",
      "integrity": "sha512-QnEDfTH2MymizVHiEQpqfYEj63k1DW7QC0QBZoevh+o/iHQrHxKlgrakMysUIwIJlnmvqPB6iP/G3dBpFmnmeQ==",
      "cpu": [
        "arm64"
      ],
      "dev": true,
      "license": "MIT",
      "optional": true,
      "os": [
        "darwin"
      ]
    },
    "node_modules/jscpd-darwin-x64": {
      "version": "5.2.0",
      "resolved": "https://registry.npmjs.org/jscpd-darwin-x64/-/jscpd-darwin-x64-5.2.0.tgz",
      "integrity": "sha512-P2lYEK0Yyn+0z7618+9A0NErywjaPrwSYcId3gRSt5l0cyKBwhMmyFLX/2t3G2HRi+GX+OT2A/YpWvvTzLJJ1A==",
      "cpu": [
        "x64"
      ],
      "dev": true,
      "license": "MIT",
      "optional": true,
      "os": [
        "darwin"
      ]
    },
    "node_modules/jscpd-linux-arm64-gnu": {
      "version": "5.2.0",
      "resolved": "https://registry.npmjs.org/jscpd-linux-arm64-gnu/-/jscpd-linux-arm64-gnu-5.2.0.tgz",
      "integrity": "sha512-UhdX9vvCFwoG1cViNqFyvxfqNtJ+xWbGsgZ5PbcgUx2OLWnvjhkjihPw/fOUM9IoxHaT66AE5pipaV/oQE/76A==",
      "cpu": [
        "arm64"
      ],
      "dev": true,
      "libc": [
        "glibc"
      ],
      "license": "MIT",
      "optional": true,
      "os": [
        "linux"
      ]
    },
    "node_modules/jscpd-linux-arm64-musl": {
      "version": "5.2.0",
      "resolved": "https://registry.npmjs.org/jscpd-linux-arm64-musl/-/jscpd-linux-arm64-musl-5.2.0.tgz",
      "integrity": "sha512-13DsZCQ58fOMUX6mU8DZtiTdIk+9Gp2xLu6mtc6fmqqZRJoRHQSSDvMqRVedCqArquxc0I+tqQtZO4n7/8QJxA==",
      "cpu": [
        "arm64"
      ],
      "dev": true,
      "libc": [
        "musl"
      ],
      "license": "MIT",
      "optional": true,
      "os": [
        "linux"
      ]
    },
    "node_modules/jscpd-linux-x64-gnu": {
      "version": "5.2.0",
      "resolved": "https://registry.npmjs.org/jscpd-linux-x64-gnu/-/jscpd-linux-x64-gnu-5.2.0.tgz",
      "integrity": "sha512-p88BpA5QzyZzyF8uYeVCz9ZBoZYg8s6AwcDc3NkIDNTbrrF0sKqgGjclGWAoJvYAiGExiFNqV768pVHsE//l0Q==",
      "cpu": [
        "x64"
      ],
      "dev": true,
      "libc": [
        "glibc"
      ],
      "license": "MIT",
      "optional": true,
      "os": [
        "linux"
      ]
    },
    "node_modules/jscpd-linux-x64-musl": {
      "version": "5.2.0",
      "resolved": "https://registry.npmjs.org/jscpd-linux-x64-musl/-/jscpd-linux-x64-musl-5.2.0.tgz",
      "integrity": "sha512-6DgIxJpS7L4bb1DkYrqC0SflMY2/2/3Dl0kZJ1In6SeSENcTaZ12W1zX3kNf7wVUDFgPi94TuSxrw3N2TqRhRg==",
      "cpu": [
        "x64"
      ],
      "dev": true,
      "libc": [
        "musl"
      ],
      "license": "MIT",
      "optional": true,
      "os": [
        "linux"
      ]
    },
    "node_modules/jscpd-windows-arm64-msvc": {
      "version": "5.2.0",
      "resolved": "https://registry.npmjs.org/jscpd-windows-arm64-msvc/-/jscpd-windows-arm64-msvc-5.2.0.tgz",
      "integrity": "sha512-DI84oCG+L5sYhmYanXjjydXlFzC194/NJA6F7W8cmOI1rKSnWrgIjUtvTmXumygwTK/eAXkK7rFBqFnyiLEzdw==",
      "cpu": [
        "arm64"
      ],
      "dev": true,
      "license": "MIT",
      "optional": true,
      "os": [
        "win32"
      ]
    },
    "node_modules/jscpd-windows-x64-msvc": {
      "version": "5.2.0",
      "resolved": "https://registry.npmjs.org/jscpd-windows-x64-msvc/-/jscpd-windows-x64-msvc-5.2.0.tgz",
      "integrity": "sha512-EH4chck2EIehosfy7q6hxaKgzlaZv/dZhUHtjBmBf81d5/ZDfa6BsKw2gM8PSoNC0QXznWXv9uQcFWsV+P9v8A==",
      "cpu": [
        "x64"
      ],
      "dev": true,
      "license": "MIT",
      "optional": true,
      "os": [
        "win32"
      ]
    }
  }
}
